<?xml version="1.0" encoding="UTF-8"?>
<Scheme
   version = "1.3">
   <BuildAction>
      <BuildActionEntries>
         <BuildActionEntry
            buildForRunning = "YES">
            <BuildableReference
               BuildableIdentifier = "primary"
               BlueprintIdentifier = "EEE4AAC0478652D658127915"
               BuildableName = "PaintCodeTutorial.app"
               BlueprintName = "PaintCodeTutorial"
               ReferencedContainer = "container:PaintCodeTutorial.xcodeproj">
            </BuildableReference>
         </BuildActionEntry>
      </BuildActionEntries>
   </BuildAction>
   <LaunchAction
      useCustomWorkingDirectory = "NO"
      buildConfiguration = "Debug">
      <BuildableProductRunnable>
         <BuildableReference
            BuildableIdentifier = "primary"
            BlueprintIdentifier = "EEE4AAC0478652D658127915"
            BuildableName = "PaintCodeTutorial.app"
            BlueprintName = "PaintCodeTutorial"
            ReferencedContainer = "container:PaintCodeTutorial.xcodeproj">
         </BuildableReference>
      </BuildableProductRunnable>
   </LaunchAction>
</Scheme>
